{
  "version": "4",
  "specifiers": {
    "jsr:@denosaurs/argontwo@0.2": "0.2.0",
    "jsr:@denosaurs/lz4@0.1.4": "0.1.4",
    "jsr:@hono/hono@^4.6.14": "4.6.14",
    "jsr:@std/crypto@^1.0.3": "1.0.3",
    "jsr:@std/dotenv@~0.225.3": "0.225.3",
    "jsr:@std/encoding@0.221": "0.221.0",
    "jsr:@std/encoding@0.224.0": "0.224.0",
    "jsr:@std/encoding@^1.0.6": "1.0.6",
    "jsr:@zaubrik/djwt@^3.0.2": "3.0.2",
    "npm:zod@3.23.8": "3.23.8"
  },
  "jsr": {
    "@denosaurs/argontwo@0.2.0": {
      "integrity": "1ce2f4c90ba3643e6fffd0d9be059f7cacfb62cf1b314049b6c7c71d87cb92a1",
      "dependencies": [
        "jsr:@denosaurs/lz4",
        "jsr:@std/encoding@0.221"
      ]
    },
    "@denosaurs/lz4@0.1.4": {
      "integrity": "ad5d556c02eb01fe1e0f2e953d7be066a14870afe149b1aed1ced019460f6aa1"
    },
    "@hono/hono@4.6.14": {
      "integrity": "b39a5488266adf448fb1081bc3071a0d05145e72f3ab3ff83cf140e780c6c1de"
    },
    "@std/crypto@1.0.3": {
      "integrity": "a2a32f51ddef632d299e3879cd027c630dcd4d1d9a5285d6e6788072f4e51e7f"
    },
    "@std/dotenv@0.225.3": {
      "integrity": "a95e5b812c27b0854c52acbae215856d9cce9d4bbf774d938c51d212711e8d4a"
    },
    "@std/encoding@0.221.0": {
      "integrity": "d1dd76ef0dc5d14088411e6dc1dede53bf8308c95d1537df1214c97137208e45"
    },
    "@std/encoding@0.224.0": {
      "integrity": "efb6dca97d3e9c31392bd5c8cfd9f9fc9decf5a1f4d1f78af7900a493bcf89b5"
    },
    "@std/encoding@1.0.6": {
      "integrity": "ca87122c196e8831737d9547acf001766618e78cd8c33920776c7f5885546069"
    },
    "@zaubrik/djwt@3.0.2": {
      "integrity": "8070adaa49cd9e5d2b8ae82fd461132c966ef2f8ff8378db4a4da8df4f17c664",
      "dependencies": [
        "jsr:@std/encoding@0.224.0"
      ]
    }
  },
  "npm": {
    "zod@3.23.8": {
      "integrity": "sha512-XBx9AXhXktjUqnepgTiE5flcKIYWi/rme0Eaj+5Y0lftuGBq+jyRu/md4WnuxqgP1ubdpNCsYEYPxrzVHD8d6g=="
    }
  },
  "workspace": {
    "dependencies": [
      "jsr:@denosaurs/argontwo@0.2",
      "jsr:@hono/hono@^4.6.14",
      "jsr:@std/crypto@^1.0.3",
      "jsr:@std/dotenv@~0.225.3",
      "jsr:@std/encoding@^1.0.6",
      "jsr:@zaubrik/djwt@^3.0.2",
      "npm:zod@3.23.8"
    ]
  }
}
